// !$*UTF8*$!
{
	archiveVersion = 1;
	classes = {
	};
	objectVersion = 50;
	objects = {

/* Begin PBXBuildFile section */
		B322504E27967B7100B19ED0 /* AppDelegate.swift in Sources */ = {isa = PBXBuildFile; fileRef = B322504D27967B7100B19ED0 /* AppDelegate.swift */; };
		B322505027967B7100B19ED0 /* SceneDelegate.swift in Sources */ = {isa = PBXBuildFile; fileRef = B322504F27967B7100B19ED0 /* SceneDelegate.swift */; };
		B322505227967B7100B19ED0 /* ViewController.swift in Sources */ = {isa = PBXBuildFile; fileRef = B322505127967B7100B19ED0 /* ViewController.swift */; };
		B322505527967B7100B19ED0 /* Main.storyboard in Resources */ = {isa = PBXBuildFile; fileRef = B322505327967B7100B19ED0 /* Main.storyboard */; };
		B322505827967B7100B19ED0 /* coreDataTask.xcdatamodeld in Sources */ = {isa = PBXBuildFile; fileRef = B322505627967B7100B19ED0 /* coreDataTask.xcdatamodeld */; };
		B322505A27967B7400B19ED0 /* Assets.xcassets in Resources */ = {isa = PBXBuildFile; fileRef = B322505927967B7400B19ED0 /* Assets.xcassets */; };
		B322505D27967B7400B19ED0 /* LaunchScreen.storyboard in Resources */ = {isa = PBXBuildFile; fileRef = B322505B27967B7400B19ED0 /* LaunchScreen.storyboard */; };
		B322506827967B7400B19ED0 /* coreDataTaskTests.swift in Sources */ = {isa = PBXBuildFile; fileRef = B322506727967B7400B19ED0 /* coreDataTaskTests.swift */; };
		B322507327967B7400B19ED0 /* coreDataTaskUITests.swift in Sources */ = {isa = PBXBuildFile; fileRef = B322507227967B7400B19ED0 /* coreDataTaskUITests.swift */; };
/* End PBXBuildFile section */

/* Begin PBXContainerItemProxy section */
		B322506427967B7400B19ED0 /* PBXContainerItemProxy */ = {
			isa = PBXContainerItemProxy;
			containerPortal = B322504227967B7100B19ED0 /* Project object */;
			proxyType = 1;
			remoteGlobalIDString = B322504927967B7100B19ED0;
			remoteInfo = coreDataTask;
		};
		B322506F27967B7400B19ED0 /* PBXContainerItemProxy */ = {
			isa = PBXContainerItemProxy;
			containerPortal = B322504227967B7100B19ED0 /* Project object */;
			proxyType = 1;
			remoteGlobalIDString = B322504927967B7100B19ED0;
			remoteInfo = coreDataTask;
		};
/* End PBXContainerItemProxy section */

/* Begin PBXFileReference section */
		B322504A27967B7100B19ED0 /* coreDataTask.app */ = {isa = PBXFileReference; explicitFileType = wrapper.application; includeInIndex = 0; path = coreDataTask.app; sourceTree = BUILT_PRODUCTS_DIR; };
		B322504D27967B7100B19ED0 /* AppDelegate.swift */ = {isa = PBXFileReference; lastKnownFileType = sourcecode.swift; path = AppDelegate.swift; sourceTree = "<group>"; };
		B322504F27967B7100B19ED0 /* SceneDelegate.swift */ = {isa = PBXFileReference; lastKnownFileType = sourcecode.swift; path = SceneDelegate.swift; sourceTree = "<group>"; };
		B322505127967B7100B19ED0 /* ViewController.swift */ = {isa = PBXFileReference; lastKnownFileType = sourcecode.swift; path = ViewController.swift; sourceTree = "<group>"; };
		B322505427967B7100B19ED0 /* Base */ = {isa = PBXFileReference; lastKnownFileType = file.storyboard; name = Base; path = Base.lproj/Main.storyboard; sourceTree = "<group>"; };
		B322505727967B7100B19ED0 /* coreDataTask.xcdatamodel */ = {isa = PBXFileReference; lastKnownFileType = wrapper.xcdatamodel; path = coreDataTask.xcdatamodel; sourceTree = "<group>"; };
		B322505927967B7400B19ED0 /* Assets.xcassets */ = {isa = PBXFileReference; lastKnownFileType = folder.assetcatalog; path = Assets.xcassets; sourceTree = "<group>"; };
		B322505C27967B7400B19ED0 /* Base */ = {isa = PBXFileReference; lastKnownFileType = file.storyboard; name = Base; path = Base.lproj/LaunchScreen.storyboard; sourceTree = "<group>"; };
		B322505E27967B7400B19ED0 /* Info.plist */ = {isa = PBXFileReference; lastKnownFileType = text.plist.xml; path = Info.plist; sourceTree = "<group>"; };
		B322506327967B7400B19ED0 /* coreDataTaskTests.xctest */ = {isa = PBXFileReference; explicitFileType = wrapper.cfbundle; includeInIndex = 0; path = coreDataTaskTests.xctest; sourceTree = BUILT_PRODUCTS_DIR; };
		B322506727967B7400B19ED0 /* coreDataTaskTests.swift */ = {isa = PBXFileReference; lastKnownFileType = sourcecode.swift; path = coreDataTaskTests.swift; sourceTree = "<group>"; };
		B322506927967B7400B19ED0 /* Info.plist */ = {isa = PBXFileReference; lastKnownFileType = text.plist.xml; path = Info.plist; sourceTree = "<group>"; };
		B322506E27967B7400B19ED0 /* coreDataTaskUITests.xctest */ = {isa = PBXFileReference; explicitFileType = wrapper.cfbundle; includeInIndex = 0; path = coreDataTaskUITests.xctest; sourceTree = BUILT_PRODUCTS_DIR; };
		B322507227967B7400B19ED0 /* coreDataTaskUITests.swift */ = {isa = PBXFileReference; lastKnownFileType = sourcecode.swift; path = coreDataTaskUITests.swift; sourceTree = "<group>"; };
		B322507427967B7400B19ED0 /* Info.plist */ = {isa = PBXFileReference; lastKnownFileType = text.plist.xml; path = Info.plist; sourceTree = "<group>"; };
/* End PBXFileReference section */

/* Begin PBXFrameworksBuildPhase section */
		B322504727967B7100B19ED0 /* Frameworks */ = {
			isa = PBXFrameworksBuildPhase;
			buildActionMask = 2147483647;
			files = (
			);
			runOnlyForDeploymentPostprocessing = 0;
		};
		B322506027967B7400B19ED0 /* Frameworks */ = {
			isa = PBXFrameworksBuildPhase;
			buildActionMask = 2147483647;
			files = (
			);
			runOnlyForDeploymentPostprocessing = 0;
		};
		B322506B27967B7400B19ED0 /* Frameworks */ = {
			isa = PBXFrameworksBuildPhase;
			buildActionMask = 2147483647;
			files = (
			);
			runOnlyForDeploymentPostprocessing = 0;
		};
/* End PBXFrameworksBuildPhase section */

/* Begin PBXGroup section */
		B322504127967B7100B19ED0 = {
			isa = PBXGroup;
			children = (
				B322504C27967B7100B19ED0 /* coreDataTask */,
				B322506627967B7400B19ED0 /* coreDataTaskTests */,
				B322507127967B7400B19ED0 /* coreDataTaskUITests */,
				B322504B27967B7100B19ED0 /* Products */,
			);
			sourceTree = "<group>";
		};
		B322504B27967B7100B19ED0 /* Products */ = {
			isa = PBXGroup;
			children = (
				B322504A27967B7100B19ED0 /* coreDataTask.app */,
				B322506327967B7400B19ED0 /* coreDataTaskTests.xctest */,
				B322506E27967B7400B19ED0 /* coreDataTaskUITests.xctest */,
			);
			name = Products;
			sourceTree = "<group>";
		};
		B322504C27967B7100B19ED0 /* coreDataTask */ = {
			isa = PBXGroup;
			children = (
				B322504D27967B7100B19ED0 /* AppDelegate.swift */,
				B322504F27967B7100B19ED0 /* SceneDelegate.swift */,
				B322505127967B7100B19ED0 /* ViewController.swift */,
				B322505327967B7100B19ED0 /* Main.storyboard */,
				B322505927967B7400B19ED0 /* Assets.xcassets */,
				B322505B27967B7400B19ED0 /* LaunchScreen.storyboard */,
				B322505E27967B7400B19ED0 /* Info.plist */,
				B322505627967B7100B19ED0 /* coreDataTask.xcdatamodeld */,
			);
			path = coreDataTask;
			sourceTree = "<group>";
		};
		B322506627967B7400B19ED0 /* coreDataTaskTests */ = {
			isa = PBXGroup;
			children = (
				B322506727967B7400B19ED0 /* coreDataTaskTests.swift */,
				B322506927967B7400B19ED0 /* Info.plist */,
			);
			path = coreDataTaskTests;
			sourceTree = "<group>";
		};
		B322507127967B7400B19ED0 /* coreDataTaskUITests */ = {
			isa = PBXGroup;
			children = (
				B322507227967B7400B19ED0 /* coreDataTaskUITests.swift */,
				B322507427967B7400B19ED0 /* Info.plist */,
			);
			path = coreDataTaskUITests;
			sourceTree = "<group>";
		};
/* End PBXGroup section */

/* Begin PBXNativeTarget section */
		B322504927967B7100B19ED0 /* coreDataTask */ = {
			isa = PBXNativeTarget;
			buildConfigurationList = B322507727967B7400B19ED0 /* Build configuration list for PBXNativeTarget "coreDataTask" */;
			buildPhases = (
				B322504627967B7100B19ED0 /* Sources */,
				B322504727967B7100B19ED0 /* Frameworks */,
				B322504827967B7100B19ED0 /* Resources */,
			);
			buildRules = (
			);
			dependencies = (
			);
			name = coreDataTask;
			productName = coreDataTask;
			productReference = B322504A27967B7100B19ED0 /* coreDataTask.app */;
			productType = "com.apple.product-type.application";
		};
		B322506227967B7400B19ED0 /* coreDataTaskTests */ = {
			isa = PBXNativeTarget;
			buildConfigurationList = B322507A27967B7400B19ED0 /* Build configuration list for PBXNativeTarget "coreDataTaskTests" */;
			buildPhases = (
				B322505F27967B7400B19ED0 /* Sources */,
				B322506027967B7400B19ED0 /* Frameworks */,
				B322506127967B7400B19ED0 /* Resources */,
			);
			buildRules = (
			);
			dependencies = (
				B322506527967B7400B19ED0 /* PBXTargetDependency */,
			);
			name = coreDataTaskTests;
			productName = coreDataTaskTests;
			productReference = B322506327967B7400B19ED0 /* coreDataTaskTests.xctest */;
			productType = "com.apple.product-type.bundle.unit-test";
		};
		B322506D27967B7400B19ED0 /* coreDataTaskUITests */ = {
			isa = PBXNativeTarget;
			buildConfigurationList = B322507D27967B7400B19ED0 /* Build configuration list for PBXNativeTarget "coreDataTaskUITests" */;
			buildPhases = (
				B322506A27967B7400B19ED0 /* Sources */,
				B322506B27967B7400B19ED0 /* Frameworks */,
				B322506C27967B7400B19ED0 /* Resources */,
			);
			buildRules = (
			);
			dependencies = (
				B322507027967B7400B19ED0 /* PBXTargetDependency */,
			);
			name = coreDataTaskUITests;
			productName = coreDataTaskUITests;
			productReference = B322506E27967B7400B19ED0 /* coreDataTaskUITests.xctest */;
			productType = "com.apple.product-type.bundle.ui-testing";
		};
/* End PBXNativeTarget section */

/* Begin PBXProject section */
		B322504227967B7100B19ED0 /* Project object */ = {
			isa = PBXProject;
			attributes = {
				LastSwiftUpdateCheck = 1250;
				LastUpgradeCheck = 1250;
				TargetAttributes = {
					B322504927967B7100B19ED0 = {
						CreatedOnToolsVersion = 12.5.1;
					};
					B322506227967B7400B19ED0 = {
						CreatedOnToolsVersion = 12.5.1;
						TestTargetID = B322504927967B7100B19ED0;
					};
					B322506D27967B7400B19ED0 = {
						CreatedOnToolsVersion = 12.5.1;
						TestTargetID = B322504927967B7100B19ED0;
					};
				};
			};
			buildConfigurationList = B322504527967B7100B19ED0 /* Build configuration list for PBXProject "coreDataTask" */;
			compatibilityVersion = "Xcode 9.3";
			developmentRegion = en;
			hasScannedForEncodings = 0;
			knownRegions = (
				en,
				Base,
			);
			mainGroup = B322504127967B7100B19ED0;
			productRefGroup = B322504B27967B7100B19ED0 /* Products */;
			projectDirPath = "";
			projectRoot = "";
			targets = (
				B322504927967B7100B19ED0 /* coreDataTask */,
				B322506227967B7400B19ED0 /* coreDataTaskTests */,
				B322506D27967B7400B19ED0 /* coreDataTaskUITests */,
			);
		};
/* End PBXProject section */

/* Begin PBXResourcesBuildPhase section */
		B322504827967B7100B19ED0 /* Resources */ = {
			isa = PBXResourcesBuildPhase;
			buildActionMask = 2147483647;
			files = (
				B322505D27967B7400B19ED0 /* LaunchScreen.storyboard in Resources */,
				B322505A27967B7400B19ED0 /* Assets.xcassets in Resources */,
				B322505527967B7100B19ED0 /* Main.storyboard in Resources */,
			);
			runOnlyForDeploymentPostprocessing = 0;
		};
		B322506127967B7400B19ED0 /* Resources */ = {
			isa = PBXResourcesBuildPhase;
			buildActionMask = 2147483647;
			files = (
			);
			runOnlyForDeploymentPostprocessing = 0;
		};
		B322506C27967B7400B19ED0 /* Resources */ = {
			isa = PBXResourcesBuildPhase;
			buildActionMask = 2147483647;
			files = (
			);
			runOnlyForDeploymentPostprocessing = 0;
		};
/* End PBXResourcesBuildPhase section */

/* Begin PBXSourcesBuildPhase section */
		B322504627967B7100B19ED0 /* Sources */ = {
			isa = PBXSourcesBuildPhase;
			buildActionMask = 2147483647;
			files = (
				B322505227967B7100B19ED0 /* ViewController.swift in Sources */,
				B322504E27967B7100B19ED0 /* AppDelegate.swift in Sources */,
				B322505027967B7100B19ED0 /* SceneDelegate.swift in Sources */,
				B322505827967B7100B19ED0 /* coreDataTask.xcdatamodeld in Sources */,
			);
			runOnlyForDeploymentPostprocessing = 0;
		};
		B322505F27967B7400B19ED0 /* Sources */ = {
			isa = PBXSourcesBuildPhase;
			buildActionMask = 2147483647;
			files = (
				B322506827967B7400B19ED0 /* coreDataTaskTests.swift in Sources */,
			);
			runOnlyForDeploymentPostprocessing = 0;
		};
		B322506A27967B7400B19ED0 /* Sources */ = {
			isa = PBXSourcesBuildPhase;
			buildActionMask = 2147483647;
			files = (
				B322507327967B7400B19ED0 /* coreDataTaskUITests.swift in Sources */,
			);
			runOnlyForDeploymentPostprocessing = 0;
		};
/* End PBXSourcesBuildPhase section */

/* Begin PBXTargetDependency section */
		B322506527967B7400B19ED0 /* PBXTargetDependency */ = {
			isa = PBXTargetDependency;
			target = B322504927967B7100B19ED0 /* coreDataTask */;
			targetProxy = B322506427967B7400B19ED0 /* PBXContainerItemProxy */;
		};
		B322507027967B7400B19ED0 /* PBXTargetDependency */ = {
			isa = PBXTargetDependency;
			target = B322504927967B7100B19ED0 /* coreDataTask */;
			targetProxy = B322506F27967B7400B19ED0 /* PBXContainerItemProxy */;
		};
/* End PBXTargetDependency section */

/* Begin PBXVariantGroup section */
		B322505327967B7100B19ED0 /* Main.storyboard */ = {
			isa = PBXVariantGroup;
			children = (
				B322505427967B7100B19ED0 /* Base */,
			);
			name = Main.storyboard;
			sourceTree = "<group>";
		};
		B322505B27967B7400B19ED0 /* LaunchScreen.storyboard */ = {
			isa = PBXVariantGroup;
			children = (
				B322505C27967B7400B19ED0 /* Base */,
			);
			name = LaunchScreen.storyboard;
			sourceTree = "<group>";
		};
/* End PBXVariantGroup section */

/* Begin XCBuildConfiguration section */
		B322507527967B7400B19ED0 /* Debug */ = {
			isa = XCBuildConfiguration;
			buildSettings = {
				ALWAYS_SEARCH_USER_PATHS = NO;
				CLANG_ANALYZER_NONNULL = YES;
				CLANG_ANALYZER_NUMBER_OBJECT_CONVERSION = YES_AGGRESSIVE;
				CLANG_CXX_LANGUAGE_STANDARD = "gnu++14";
				CLANG_CXX_LIBRARY = "libc++";
				CLANG_ENABLE_MODULES = YES;
				CLANG_ENABLE_OBJC_ARC = YES;
				CLANG_ENABLE_OBJC_WEAK = YES;
				CLANG_WARN_BLOCK_CAPTURE_AUTORELEASING = YES;
				CLANG_WARN_BOOL_CONVERSION = YES;
				CLANG_WARN_COMMA = YES;
				CLANG_WARN_CONSTANT_CONVERSION = YES;
				CLANG_WARN_DEPRECATED_OBJC_IMPLEMENTATIONS = YES;
				CLANG_WARN_DIRECT_OBJC_ISA_USAGE = YES_ERROR;
				CLANG_WARN_DOCUMENTATION_COMMENTS = YES;
				CLANG_WARN_EMPTY_BODY = YES;
				CLANG_WARN_ENUM_CONVERSION = YES;
				CLANG_WARN_INFINITE_RECURSION = YES;
				CLANG_WARN_INT_CONVERSION = YES;
				CLANG_WARN_NON_LITERAL_NULL_CONVERSION = YES;
				CLANG_WARN_OBJC_IMPLICIT_RETAIN_SELF = YES;
				CLANG_WARN_OBJC_LITERAL_CONVERSION = YES;
				CLANG_WARN_OBJC_ROOT_CLASS = YES_ERROR;
				CLANG_WARN_QUOTED_INCLUDE_IN_FRAMEWORK_HEADER = YES;
				CLANG_WARN_RANGE_LOOP_ANALYSIS = YES;
				CLANG_WARN_STRICT_PROTOTYPES = YES;
				CLANG_WARN_SUSPICIOUS_MOVE = YES;
				CLANG_WARN_UNGUARDED_AVAILABILITY = YES_AGGRESSIVE;
				CLANG_WARN_UNREACHABLE_CODE = YES;
				CLANG_WARN__DUPLICATE_METHOD_MATCH = YES;
				COPY_PHASE_STRIP = NO;
				DEBUG_INFORMATION_FORMAT = dwarf;
				ENABLE_STRICT_OBJC_MSGSEND = YES;
				ENABLE_TESTABILITY = YES;
				GCC_C_LANGUAGE_STANDARD = gnu11;
				GCC_DYNAMIC_NO_PIC = NO;
				GCC_NO_COMMON_BLOCKS = YES;
				GCC_OPTIMIZATION_LEVEL = 0;
				GCC_PREPROCESSOR_DEFINITIONS = (
					"DEBUG=1",
					"$(inherited)",
				);
				GCC_WARN_64_TO_32_BIT_CONVERSION = YES;
				GCC_WARN_ABOUT_RETURN_TYPE = YES_ERROR;
				GCC_WARN_UNDECLARED_SELECTOR = YES;
				GCC_WARN_UNINITIALIZED_AUTOS = YES_AGGRESSIVE;
				GCC_WARN_UNUSED_FUNCTION = YES;
				GCC_WARN_UNUSED_VARIABLE = YES;
				IPHONEOS_DEPLOYMENT_TARGET = 14.5;
				MTL_ENABLE_DEBUG_INFO = INCLUDE_SOURCE;
				MTL_FAST_MATH = YES;
				ONLY_ACTIVE_ARCH = YES;
				SDKROOT = iphoneos;
				SWIFT_ACTIVE_COMPILATION_CONDITIONS = DEBUG;
				SWIFT_OPTIMIZATION_LEVEL = "-Onone";
			};
			name = Debug;
		};
		B322507627967B7400B19ED0 /* Release */ = {
			isa = XCBuildConfiguration;
			buildSettings = {
				ALWAYS_SEARCH_USER_PATHS = NO;
				CLANG_ANALYZER_NONNULL = YES;
				CLANG_ANALYZER_NUMBER_OBJECT_CONVERSION = YES_AGGRESSIVE;
				CLANG_CXX_LANGUAGE_STANDARD = "gnu++14";
				CLANG_CXX_LIBRARY = "libc++";
				CLANG_ENABLE_MODULES = YES;
				CLANG_ENABLE_OBJC_ARC = YES;
				CLANG_ENABLE_OBJC_WEAK = YES;
				CLANG_WARN_BLOCK_CAPTURE_AUTORELEASING = YES;
				CLANG_WARN_BOOL_CONVERSION = YES;
				CLANG_WARN_COMMA = YES;
				CLANG_WARN_CONSTANT_CONVERSION = YES;
				CLANG_WARN_DEPRECATED_OBJC_IMPLEMENTATIONS = YES;
				CLANG_WARN_DIRECT_OBJC_ISA_USAGE = YES_ERROR;
				CLANG_WARN_DOCUMENTATION_COMMENTS = YES;
				CLANG_WARN_EMPTY_BODY = YES;
				CLANG_WARN_ENUM_CONVERSION = YES;
				CLANG_WARN_INFINITE_RECURSION = YES;
				CLANG_WARN_INT_CONVERSION = YES;
				CLANG_WARN_NON_LITERAL_NULL_CONVERSION = YES;
				CLANG_WARN_OBJC_IMPLICIT_RETAIN_SELF = YES;
				CLANG_WARN_OBJC_LITERAL_CONVERSION = YES;
				CLANG_WARN_OBJC_ROOT_CLASS = YES_ERROR;
				CLANG_WARN_QUOTED_INCLUDE_IN_FRAMEWORK_HEADER = YES;
				CLANG_WARN_RANGE_LOOP_ANALYSIS = YES;
				CLANG_WARN_STRICT_PROTOTYPES = YES;
				CLANG_WARN_SUSPICIOUS_MOVE = YES;
				CLANG_WARN_UNGUARDED_AVAILABILITY = YES_AGGRESSIVE;
				CLANG_WARN_UNREACHABLE_CODE = YES;
				CLANG_WARN__DUPLICATE_METHOD_MATCH = YES;
				COPY_PHASE_STRIP = NO;
				DEBUG_INFORMATION_FORMAT = "dwarf-with-dsym";
				ENABLE_NS_ASSERTIONS = NO;
				ENABLE_STRICT_OBJC_MSGSEND = YES;
				GCC_C_LANGUAGE_STANDARD = gnu11;
				GCC_NO_COMMON_BLOCKS = YES;
				GCC_WARN_64_TO_32_BIT_CONVERSION = YES;
				GCC_WARN_ABOUT_RETURN_TYPE = YES_ERROR;
				GCC_WARN_UNDECLARED_SELECTOR = YES;
				GCC_WARN_UNINITIALIZED_AUTOS = YES_AGGRESSIVE;
				GCC_WARN_UNUSED_FUNCTION = YES;
				GCC_WARN_UNUSED_VARIABLE = YES;
				IPHONEOS_DEPLOYMENT_TARGET = 14.5;
				MTL_ENABLE_DEBUG_INFO = NO;
				MTL_FAST_MATH = YES;
				SDKROOT = iphoneos;
				SWIFT_COMPILATION_MODE = wholemodule;
				SWIFT_OPTIMIZATION_LEVEL = "-O";
				VALIDATE_PRODUCT = YES;
			};
			name = Release;
		};
		B322507827967B7400B19ED0 /* Debug */ = {
			isa = XCBuildConfiguration;
			buildSettings = {
				ASSETCATALOG_COMPILER_APPICON_NAME = AppIcon;
				ASSETCATALOG_COMPILER_GLOBAL_ACCENT_COLOR_NAME = AccentColor;
				CODE_SIGN_STYLE = Automatic;
				INFOPLIST_FILE = coreDataTask/Info.plist;
				LD_RUNPATH_SEARCH_PATHS = (
					"$(inherited)",
					"@executable_path/Frameworks",
				);
				PRODUCT_BUNDLE_IDENTIFIER = byot.coreDataTask;
				PRODUCT_NAME = "$(TARGET_NAME)";
				SWIFT_VERSION = 5.0;
				TARGETED_DEVICE_FAMILY = "1,2";
			};
			name = Debug;
		};
		B322507927967B7400B19ED0 /* Release */ = {
			isa = XCBuildConfiguration;
			buildSettings = {
				ASSETCATALOG_COMPILER_APPICON_NAME = AppIcon;
				ASSETCATALOG_COMPILER_GLOBAL_ACCENT_COLOR_NAME = AccentColor;
				CODE_SIGN_STYLE = Automatic;
				INFOPLIST_FILE = coreDataTask/Info.plist;
				LD_RUNPATH_SEARCH_PATHS = (
					"$(inherited)",
					"@executable_path/Frameworks",
				);
				PRODUCT_BUNDLE_IDENTIFIER = byot.coreDataTask;
				PRODUCT_NAME = "$(TARGET_NAME)";
				SWIFT_VERSION = 5.0;
				TARGETED_DEVICE_FAMILY = "1,2";
			};
			name = Release;
		};
		B322507B27967B7400B19ED0 /* Debug */ = {
			isa = XCBuildConfiguration;
			buildSettings = {
				ALWAYS_EMBED_SWIFT_STANDARD_LIBRARIES = YES;
				BUNDLE_LOADER = "$(TEST_HOST)";
				CODE_SIGN_STYLE = Automatic;
				INFOPLIST_FILE = coreDataTaskTests/Info.plist;
				IPHONEOS_DEPLOYMENT_TARGET = 14.5;
				LD_RUNPATH_SEARCH_PATHS = (
					"$(inherited)",
					"@executable_path/Frameworks",
					"@loader_path/Frameworks",
				);
				PRODUCT_BUNDLE_IDENTIFIER = byot.coreDataTaskTests;
				PRODUCT_NAME = "$(TARGET_NAME)";
				SWIFT_VERSION = 5.0;
				TARGETED_DEVICE_FAMILY = "1,2";
				TEST_HOST = "$(BUILT_PRODUCTS_DIR)/coreDataTask.app/coreDataTask";
			};
			name = Debug;
		};
		B322507C27967B7400B19ED0 /* Release */ = {
			isa = XCBuildConfiguration;
			buildSettings = {
				ALWAYS_EMBED_SWIFT_STANDARD_LIBRARIES = YES;
				BUNDLE_LOADER = "$(TEST_HOST)";
				CODE_SIGN_STYLE = Automatic;
				INFOPLIST_FILE = coreDataTaskTests/Info.plist;
				IPHONEOS_DEPLOYMENT_TARGET = 14.5;
				LD_RUNPATH_SEARCH_PATHS = (
					"$(inherited)",
					"@executable_path/Frameworks",
					"@loader_path/Frameworks",
				);
				PRODUCT_BUNDLE_IDENTIFIER = byot.coreDataTaskTests;
				PRODUCT_NAME = "$(TARGET_NAME)";
				SWIFT_VERSION = 5.0;
				TARGETED_DEVICE_FAMILY = "1,2";
				TEST_HOST = "$(BUILT_PRODUCTS_DIR)/coreDataTask.app/coreDataTask";
			};
			name = Release;
		};
		B322507E27967B7400B19ED0 /* Debug */ = {
			isa = XCBuildConfiguration;
			buildSettings = {
				ALWAYS_EMBED_SWIFT_STANDARD_LIBRARIES = YES;
				CODE_SIGN_STYLE = Automatic;
				INFOPLIST_FILE = coreDataTaskUITests/Info.plist;
				LD_RUNPATH_SEARCH_PATHS = (
					"$(inherited)",
					"@executable_path/Frameworks",
					"@loader_path/Frameworks",
				);
				PRODUCT_BUNDLE_IDENTIFIER = byot.coreDataTaskUITests;
				PRODUCT_NAME = "$(TARGET_NAME)";
				SWIFT_VERSION = 5.0;
				TARGETED_DEVICE_FAMILY = "1,2";
				TEST_TARGET_NAME = coreDataTask;
			};
			name = Debug;
		};
		B322507F27967B7400B19ED0 /* Release */ = {
			isa = XCBuildConfiguration;
			buildSettings = {
				ALWAYS_EMBED_SWIFT_STANDARD_LIBRARIES = YES;
				CODE_SIGN_STYLE = Automatic;
				INFOPLIST_FILE = coreDataTaskUITests/Info.plist;
				LD_RUNPATH_SEARCH_PATHS = (
					"$(inherited)",
					"@executable_path/Frameworks",
					"@loader_path/Frameworks",
				);
				PRODUCT_BUNDLE_IDENTIFIER = byot.coreDataTaskUITests;
				PRODUCT_NAME = "$(TARGET_NAME)";
				SWIFT_VERSION = 5.0;
				TARGETED_DEVICE_FAMILY = "1,2";
				TEST_TARGET_NAME = coreDataTask;
			};
			name = Release;
		};
/* End XCBuildConfiguration section */

/* Begin XCConfigurationList section */
		B322504527967B7100B19ED0 /* Build configuration list for PBXProject "coreDataTask" */ = {
			isa = XCConfigurationList;
			buildConfigurations = (
				B322507527967B7400B19ED0 /* Debug */,
				B322507627967B7400B19ED0 /* Release */,
			);
			defaultConfigurationIsVisible = 0;
			defaultConfigurationName = Release;
		};
		B322507727967B7400B19ED0 /* Build configuration list for PBXNativeTarget "coreDataTask" */ = {
			isa = XCConfigurationList;
			buildConfigurations = (
				B322507827967B7400B19ED0 /* Debug */,
				B322507927967B7400B19ED0 /* Release */,
			);
			defaultConfigurationIsVisible = 0;
			defaultConfigurationName = Release;
		};
		B322507A27967B7400B19ED0 /* Build configuration list for PBXNativeTarget "coreDataTaskTests" */ = {
			isa = XCConfigurationList;
			buildConfigurations = (
				B322507B27967B7400B19ED0 /* Debug */,
				B322507C27967B7400B19ED0 /* Release */,
			);
			defaultConfigurationIsVisible = 0;
			defaultConfigurationName = Release;
		};
		B322507D27967B7400B19ED0 /* Build configuration list for PBXNativeTarget "coreDataTaskUITests" */ = {
			isa = XCConfigurationList;
			buildConfigurations = (
				B322507E27967B7400B19ED0 /* Debug */,
				B322507F27967B7400B19ED0 /* Release */,
			);
			defaultConfigurationIsVisible = 0;
			defaultConfigurationName = Release;
		};
/* End XCConfigurationList section */

/* Begin XCVersionGroup section */
		B322505627967B7100B19ED0 /* coreDataTask.xcdatamodeld */ = {
			isa = XCVersionGroup;
			children = (
				B322505727967B7100B19ED0 /* coreDataTask.xcdatamodel */,
			);
			currentVersion = B322505727967B7100B19ED0 /* coreDataTask.xcdatamodel */;
			path = coreDataTask.xcdatamodeld;
			sourceTree = "<group>";
			versionGroupType = wrapper.xcdatamodel;
		};
/* End XCVersionGroup section */
	};
	rootObject = B322504227967B7100B19ED0 /* Project object */;
}
